
Microsoft Visual Studio Solution File, Format Version 12.00
# Visual Studio Version 17
VisualStudioVersion = 17.2.32526.322
MinimumVisualStudioVersion = 10.0.40219.1
Project("{FAE04EC0-301F-11D3-BF4B-00C04F79EFBC}") = "premiere_app_windows", "premiere_app_windows\premiere_app_windows.csproj", "{0ABC85C9-37FD-4F2B-B581-8E63F9642EFC}"
EndProject
Global
	GlobalSection(SolutionConfigurationPlatforms) = preSolution
		Debug|Any CPU = Debug|Any CPU
		Release|Any CPU = Release|Any CPU
	EndGlobalSection
	GlobalSection(ProjectConfigurationPlatforms) = postSolution
		{0ABC85C9-37FD-4F2B-B581-8E63F9642EFC}.Debug|Any CPU.ActiveCfg = Debug|Any CPU
		{0ABC85C9-37FD-4F2B-B581-8E63F9642EFC}.Debug|Any CPU.Build.0 = Debug|Any CPU
		{0ABC85C9-37FD-4F2B-B581-8E63F9642EFC}.Release|Any CPU.ActiveCfg = Release|Any CPU
		{0ABC85C9-37FD-4F2B-B581-8E63F9642EFC}.Release|Any CPU.Build.0 = Release|Any CPU
	EndGlobalSection
	GlobalSection(SolutionProperties) = preSolution
		HideSolutionNode = FALSE
	EndGlobalSection
	GlobalSection(ExtensibilityGlobals) = postSolution
		SolutionGuid = {89A96A41-D35D-43DD-ABA0-CCBF9BBB0074}
	EndGlobalSection
EndGlobal
